
Microsoft Visual Studio Solution File, Format Version 12.00
# Visual Studio Version 17
VisualStudioVersion = 17.7.34003.232
MinimumVisualStudioVersion = 10.0.40219.1
Project("{9A19103F-16F7-4668-BE54-9A1E7A4F7556}") = "Program", "Program.csproj", "{FC73D592-9897-429E-942C-E6BBE6DB1A38}"
EndProject
Project("{9A19103F-16F7-4668-BE54-9A1E7A4F7556}") = "Class1", "..\First_Class\Class1.csproj", "{1B4EA5A9-B14A-4DF3-B6B0-D0ED666A1394}"
EndProject
Project("{9A19103F-16F7-4668-BE54-9A1E7A4F7556}") = "Class2", "..\Second_Class\Class2.csproj", "{83C2CD27-4CEB-40E6-BAB9-AFF335762245}"
EndProject
Project("{9A19103F-16F7-4668-BE54-9A1E7A4F7556}") = "Class3", "..\Class3\Class3.csproj", "{2BBA01FC-F786-4638-AB94-F01C6698CFB2}"
EndProject
Project("{9A19103F-16F7-4668-BE54-9A1E7A4F7556}") = "Class4", "..\Class4\Class4.csproj", "{528880FB-152E-4933-8FDD-B55D44BE63DD}"
EndProject
Project("{9A19103F-16F7-4668-BE54-9A1E7A4F7556}") = "Class5", "..\Class5\Class5.csproj", "{930B0C8F-9435-41FA-9BD8-9401D2A5D9D3}"
EndProject
Project("{9A19103F-16F7-4668-BE54-9A1E7A4F7556}") = "Class6", "..\Class6\Class6.csproj", "{DCDCB680-E52A-42D4-A15C-1D5EB7305173}"
EndProject
Project("{9A19103F-16F7-4668-BE54-9A1E7A4F7556}") = "Class7", "..\Class7\Class7.csproj", "{1DC2D4F2-131C-43CD-B1F9-53D8CD4CA513}"
EndProject
Project("{9A19103F-16F7-4668-BE54-9A1E7A4F7556}") = "Class8", "..\Class8\Class8.csproj", "{005947E8-425F-4214-91F2-9F6A9D18D8EF}"
EndProject
Project("{9A19103F-16F7-4668-BE54-9A1E7A4F7556}") = "Class9", "..\Class9\Class9.csproj", "{2CFFD9DF-62C4-4F0C-8717-447968BA24BB}"
EndProject
Project("{FAE04EC0-301F-11D3-BF4B-00C04F79EFBC}") = "Class10", "..\Class10\Class10.csproj", "{3E4A7E5D-7653-46E7-AEB5-53C3B1606EBF}"
EndProject
Global
	GlobalSection(SolutionConfigurationPlatforms) = preSolution
		Debug|Any CPU = Debug|Any CPU
		Release|Any CPU = Release|Any CPU
	EndGlobalSection
	GlobalSection(ProjectConfigurationPlatforms) = postSolution
		{FC73D592-9897-429E-942C-E6BBE6DB1A38}.Debug|Any CPU.ActiveCfg = Debug|Any CPU
		{FC73D592-9897-429E-942C-E6BBE6DB1A38}.Debug|Any CPU.Build.0 = Debug|Any CPU
		{FC73D592-9897-429E-942C-E6BBE6DB1A38}.Release|Any CPU.ActiveCfg = Release|Any CPU
		{FC73D592-9897-429E-942C-E6BBE6DB1A38}.Release|Any CPU.Build.0 = Release|Any CPU
		{1B4EA5A9-B14A-4DF3-B6B0-D0ED666A1394}.Debug|Any CPU.ActiveCfg = Debug|Any CPU
		{1B4EA5A9-B14A-4DF3-B6B0-D0ED666A1394}.Debug|Any CPU.Build.0 = Debug|Any CPU
		{1B4EA5A9-B14A-4DF3-B6B0-D0ED666A1394}.Release|Any CPU.ActiveCfg = Release|Any CPU
		{1B4EA5A9-B14A-4DF3-B6B0-D0ED666A1394}.Release|Any CPU.Build.0 = Release|Any CPU
		{83C2CD27-4CEB-40E6-BAB9-AFF335762245}.Debug|Any CPU.ActiveCfg = Debug|Any CPU
		{83C2CD27-4CEB-40E6-BAB9-AFF335762245}.Debug|Any CPU.Build.0 = Debug|Any CPU
		{83C2CD27-4CEB-40E6-BAB9-AFF335762245}.Release|Any CPU.ActiveCfg = Release|Any CPU
		{83C2CD27-4CEB-40E6-BAB9-AFF335762245}.Release|Any CPU.Build.0 = Release|Any CPU
		{2BBA01FC-F786-4638-AB94-F01C6698CFB2}.Debug|Any CPU.ActiveCfg = Debug|Any CPU
		{2BBA01FC-F786-4638-AB94-F01C6698CFB2}.Debug|Any CPU.Build.0 = Debug|Any CPU
		{2BBA01FC-F786-4638-AB94-F01C6698CFB2}.Release|Any CPU.ActiveCfg = Release|Any CPU
		{2BBA01FC-F786-4638-AB94-F01C6698CFB2}.Release|Any CPU.Build.0 = Release|Any CPU
		{528880FB-152E-4933-8FDD-B55D44BE63DD}.Debug|Any CPU.ActiveCfg = Debug|Any CPU
		{528880FB-152E-4933-8FDD-B55D44BE63DD}.Debug|Any CPU.Build.0 = Debug|Any CPU
		{528880FB-152E-4933-8FDD-B55D44BE63DD}.Release|Any CPU.ActiveCfg = Release|Any CPU
		{528880FB-152E-4933-8FDD-B55D44BE63DD}.Release|Any CPU.Build.0 = Release|Any CPU
		{930B0C8F-9435-41FA-9BD8-9401D2A5D9D3}.Debug|Any CPU.ActiveCfg = Debug|Any CPU
		{930B0C8F-9435-41FA-9BD8-9401D2A5D9D3}.Debug|Any CPU.Build.0 = Debug|Any CPU
		{930B0C8F-9435-41FA-9BD8-9401D2A5D9D3}.Release|Any CPU.ActiveCfg = Release|Any CPU
		{930B0C8F-9435-41FA-9BD8-9401D2A5D9D3}.Release|Any CPU.Build.0 = Release|Any CPU
		{DCDCB680-E52A-42D4-A15C-1D5EB7305173}.Debug|Any CPU.ActiveCfg = Debug|Any CPU
		{DCDCB680-E52A-42D4-A15C-1D5EB7305173}.Debug|Any CPU.Build.0 = Debug|Any CPU
		{DCDCB680-E52A-42D4-A15C-1D5EB7305173}.Release|Any CPU.ActiveCfg = Release|Any CPU
		{DCDCB680-E52A-42D4-A15C-1D5EB7305173}.Release|Any CPU.Build.0 = Release|Any CPU
		{1DC2D4F2-131C-43CD-B1F9-53D8CD4CA513}.Debug|Any CPU.ActiveCfg = Debug|Any CPU
		{1DC2D4F2-131C-43CD-B1F9-53D8CD4CA513}.Debug|Any CPU.Build.0 = Debug|Any CPU
		{1DC2D4F2-131C-43CD-B1F9-53D8CD4CA513}.Release|Any CPU.ActiveCfg = Release|Any CPU
		{1DC2D4F2-131C-43CD-B1F9-53D8CD4CA513}.Release|Any CPU.Build.0 = Release|Any CPU
		{005947E8-425F-4214-91F2-9F6A9D18D8EF}.Debug|Any CPU.ActiveCfg = Debug|Any CPU
		{005947E8-425F-4214-91F2-9F6A9D18D8EF}.Debug|Any CPU.Build.0 = Debug|Any CPU
		{005947E8-425F-4214-91F2-9F6A9D18D8EF}.Release|Any CPU.ActiveCfg = Release|Any CPU
		{005947E8-425F-4214-91F2-9F6A9D18D8EF}.Release|Any CPU.Build.0 = Release|Any CPU
		{2CFFD9DF-62C4-4F0C-8717-447968BA24BB}.Debug|Any CPU.ActiveCfg = Debug|Any CPU
		{2CFFD9DF-62C4-4F0C-8717-447968BA24BB}.Debug|Any CPU.Build.0 = Debug|Any CPU
		{2CFFD9DF-62C4-4F0C-8717-447968BA24BB}.Release|Any CPU.ActiveCfg = Release|Any CPU
		{2CFFD9DF-62C4-4F0C-8717-447968BA24BB}.Release|Any CPU.Build.0 = Release|Any CPU
		{3E4A7E5D-7653-46E7-AEB5-53C3B1606EBF}.Debug|Any CPU.ActiveCfg = Debug|Any CPU
		{3E4A7E5D-7653-46E7-AEB5-53C3B1606EBF}.Debug|Any CPU.Build.0 = Debug|Any CPU
		{3E4A7E5D-7653-46E7-AEB5-53C3B1606EBF}.Release|Any CPU.ActiveCfg = Release|Any CPU
		{3E4A7E5D-7653-46E7-AEB5-53C3B1606EBF}.Release|Any CPU.Build.0 = Release|Any CPU
	EndGlobalSection
	GlobalSection(SolutionProperties) = preSolution
		HideSolutionNode = FALSE
	EndGlobalSection
	GlobalSection(ExtensibilityGlobals) = postSolution
		SolutionGuid = {4A30A0FF-2208-4D5F-B932-F3DDB3F49C86}
	EndGlobalSection
EndGlobal
